
Microsoft Visual Studio Solution File, Format Version 12.00
# Visual Studio Version 17
VisualStudioVersion = 17.0.31903.59
MinimumVisualStudioVersion = 10.0.40219.1
Project("{2150E333-8FDC-42A3-9474-1A3956D46DE8}") = "src", "src", "{7242EB01-66E2-41DA-AE07-0E14D52A87DA}"
EndProject
Project("{2150E333-8FDC-42A3-9474-1A3956D46DE8}") = "SVC_Microservices", "SVC_Microservices", "{D73E572A-0D46-4536-9E3B-FEE4F05CA608}"
EndProject
Project("{FAE04EC0-301F-11D3-BF4B-00C04F79EFBC}") = "SVC_Kline", "src\SVC_Microservices\SVC_Kline\SVC_Kline.csproj", "{67D84AB2-8239-4438-951B-6B9D94445EA2}"
EndProject
Project("{2150E333-8FDC-42A3-9474-1A3956D46DE8}") = "tests", "tests", "{77FDCD3D-0258-4C5D-BC04-54B6A49B5D6D}"
EndProject
Project("{2150E333-8FDC-42A3-9474-1A3956D46DE8}") = "SVC_Microservices", "SVC_Microservices", "{E1CA78D8-ABDA-429F-B9F7-ABB12A028248}"
EndProject
Project("{FAE04EC0-301F-11D3-BF4B-00C04F79EFBC}") = "SVC_Kline.Tests.Unit", "tests\SVC_Microservices\SVC_Kline.Tests.Unit\SVC_Kline.Tests.Unit.csproj", "{712CD9E8-3279-4638-9977-6C21701D4D46}"
EndProject
Project("{FAE04EC0-301F-11D3-BF4B-00C04F79EFBC}") = "SVC_Kline.Tests.Integration", "tests\SVC_Microservices\SVC_Kline.Tests.Integration\SVC_Kline.Tests.Integration.csproj", "{F6F8A6DB-5F2D-4A42-96E5-FAD8147172D7}"
EndProject
Project("{FAE04EC0-301F-11D3-BF4B-00C04F79EFBC}") = "SVC_Coins", "src\SVC_Microservices\SVC_Coins\SVC_Coins.csproj", "{C8510EF1-9D60-46E6-8671-A8B31B212374}"
EndProject
Project("{FAE04EC0-301F-11D3-BF4B-00C04F79EFBC}") = "SVC_Coins.Tests.Unit", "tests\SVC_Microservices\SVC_Coins.Tests.Unit\SVC_Coins.Tests.Unit.csproj", "{D2A8010F-A5A9-4EBD-A947-11D8818BCBE2}"
EndProject
Project("{FAE04EC0-301F-11D3-BF4B-00C04F79EFBC}") = "SVC_Coins.Tests.Integration", "tests\SVC_Microservices\SVC_Coins.Tests.Integration\SVC_Coins.Tests.Integration.csproj", "{63C7572B-0C68-4760-A6F7-EF90F767D640}"
EndProject
Project("{FAE04EC0-301F-11D3-BF4B-00C04F79EFBC}") = "SVC_External", "src\SVC_Microservices\SVC_External\SVC_External.csproj", "{0998156E-42A9-41D6-8FE4-955B1ECFD9A2}"
EndProject
Project("{2150E333-8FDC-42A3-9474-1A3956D46DE8}") = "Shared", "Shared", "{FAD4F990-40D4-4645-AE2C-8D9A71A3A8A5}"
EndProject
Project("{FAE04EC0-301F-11D3-BF4B-00C04F79EFBC}") = "SharedLibrary", "src\Shared\SharedLibrary\SharedLibrary.csproj", "{C86D60A8-5CC7-4FA4-B29B-A34C24D28EE8}"
EndProject
Project("{FAE04EC0-301F-11D3-BF4B-00C04F79EFBC}") = "SVC_External.Tests.Unit", "tests\SVC_Microservices\SVC_External.Tests.Unit\SVC_External.Tests.Unit.csproj", "{60D7BCA4-AC50-409A-884A-AC5C1146BA9E}"
EndProject
Project("{FAE04EC0-301F-11D3-BF4B-00C04F79EFBC}") = "SVC_External.Tests.Integration", "tests\SVC_Microservices\SVC_External.Tests.Integration\SVC_External.Tests.Integration.csproj", "{EE632906-A23C-4E6B-8AB4-1470897E6B4E}"
EndProject
Project("{FAE04EC0-301F-11D3-BF4B-00C04F79EFBC}") = "SVC_Bridge", "src\SVC_Microservices\SVC_Bridge\SVC_Bridge.csproj", "{E7D14B6C-A8FC-467E-8AAB-CB88C66CE17D}"
EndProject
Project("{FAE04EC0-301F-11D3-BF4B-00C04F79EFBC}") = "SVC_Bridge.Tests.Unit", "tests\SVC_Microservices\SVC_Bridge.Tests.Unit\SVC_Bridge.Tests.Unit.csproj", "{CB8C11D9-684C-4A6C-B8C0-C2EA2A95757F}"
EndProject
Project("{FAE04EC0-301F-11D3-BF4B-00C04F79EFBC}") = "SVC_Bridge.Tests.Integration", "tests\SVC_Microservices\SVC_Bridge.Tests.Integration\SVC_Bridge.Tests.Integration.csproj", "{6E3916C7-AEF5-4634-B25A-FF649AACA174}"
EndProject
Project("{2150E333-8FDC-42A3-9474-1A3956D46DE8}") = "GUI_Microservices", "GUI_Microservices", "{6F2801B8-20F1-4E0E-B7F5-EC28F27B7D9B}"
EndProject
Project("{FAE04EC0-301F-11D3-BF4B-00C04F79EFBC}") = "GUI_Crypto", "src\GUI_Microservices\GUI_Crypto\GUI_Crypto.csproj", "{E61E39EA-2254-415D-B9F4-A7DD635DFD42}"
EndProject
Project("{2150E333-8FDC-42A3-9474-1A3956D46DE8}") = "GUI_Microservices", "GUI_Microservices", "{8F5391DE-C33B-4EDA-9EB9-8DA423CF098F}"
EndProject
Project("{FAE04EC0-301F-11D3-BF4B-00C04F79EFBC}") = "GUI_Crypto.Tests.Unit", "tests\GUI_Microservices\GUI_Crypto.Tests.Unit\GUI_Crypto.Tests.Unit.csproj", "{E295E21F-4944-4286-8097-09FACE692A36}"
EndProject
Project("{FAE04EC0-301F-11D3-BF4B-00C04F79EFBC}") = "GUI_Crypto.Tests.Integration", "tests\GUI_Microservices\GUI_Crypto.Tests.Integration\GUI_Crypto.Tests.Integration.csproj", "{44CB9520-01C9-4AF7-95B1-B098094C65F5}"
EndProject
Project("{2150E333-8FDC-42A3-9474-1A3956D46DE8}") = "Aspire", "Aspire", "{761BAB15-BCD9-47BB-852D-6DABD392F164}"
EndProject
Project("{FAE04EC0-301F-11D3-BF4B-00C04F79EFBC}") = "CryptoChartAnalyzer.AppHost", "src\Aspire\CryptoChartAnalyzer.AppHost\CryptoChartAnalyzer.AppHost.csproj", "{81C3EC8C-C0A3-4049-8A90-2E98225C4267}"
EndProject
Project("{FAE04EC0-301F-11D3-BF4B-00C04F79EFBC}") = "CryptoChartAnalyzer.ServiceDefaults", "src\Aspire\CryptoChartAnalyzer.ServiceDefaults\CryptoChartAnalyzer.ServiceDefaults.csproj", "{D18ACB7E-10AA-42DD-8DD4-CE4D3ACB09FA}"
EndProject
Project("{2150E333-8FDC-42A3-9474-1A3956D46DE8}") = "Shared", "Shared", "{762AD00E-3371-4115-AA96-00342FF653B2}"
EndProject
Project("{FAE04EC0-301F-11D3-BF4B-00C04F79EFBC}") = "SharedLibrary.Tests.Unit", "tests\Shared\SharedLibrary.Tests.Unit\SharedLibrary.Tests.Unit.csproj", "{447DC02F-57D1-4629-B700-8BE8A3BDE2A5}"
EndProject
Project("{FAE04EC0-301F-11D3-BF4B-00C04F79EFBC}") = "SVC_Scheduler", "src\SVC_Microservices\SVC_Scheduler\SVC_Scheduler.csproj", "{46CA7649-489A-4538-8150-28D44A1E18CC}"
EndProject
Project("{FAE04EC0-301F-11D3-BF4B-00C04F79EFBC}") = "SVC_Scheduler.Tests.Unit", "tests\SVC_Microservices\SVC_Scheduler.Tests.Unit\SVC_Scheduler.Tests.Unit.csproj", "{CEF1FDA3-F113-45A9-A182-469C71BF1F4C}"
EndProject
Global
	GlobalSection(SolutionConfigurationPlatforms) = preSolution
		Debug|Any CPU = Debug|Any CPU
		Release|Any CPU = Release|Any CPU
	EndGlobalSection
	GlobalSection(SolutionProperties) = preSolution
		HideSolutionNode = FALSE
	EndGlobalSection
	GlobalSection(ProjectConfigurationPlatforms) = postSolution
		{67D84AB2-8239-4438-951B-6B9D94445EA2}.Debug|Any CPU.ActiveCfg = Debug|Any CPU
		{67D84AB2-8239-4438-951B-6B9D94445EA2}.Debug|Any CPU.Build.0 = Debug|Any CPU
		{67D84AB2-8239-4438-951B-6B9D94445EA2}.Release|Any CPU.ActiveCfg = Release|Any CPU
		{67D84AB2-8239-4438-951B-6B9D94445EA2}.Release|Any CPU.Build.0 = Release|Any CPU
		{712CD9E8-3279-4638-9977-6C21701D4D46}.Debug|Any CPU.ActiveCfg = Debug|Any CPU
		{712CD9E8-3279-4638-9977-6C21701D4D46}.Debug|Any CPU.Build.0 = Debug|Any CPU
		{712CD9E8-3279-4638-9977-6C21701D4D46}.Release|Any CPU.ActiveCfg = Release|Any CPU
		{712CD9E8-3279-4638-9977-6C21701D4D46}.Release|Any CPU.Build.0 = Release|Any CPU
		{F6F8A6DB-5F2D-4A42-96E5-FAD8147172D7}.Debug|Any CPU.ActiveCfg = Debug|Any CPU
		{F6F8A6DB-5F2D-4A42-96E5-FAD8147172D7}.Debug|Any CPU.Build.0 = Debug|Any CPU
		{F6F8A6DB-5F2D-4A42-96E5-FAD8147172D7}.Release|Any CPU.ActiveCfg = Release|Any CPU
		{F6F8A6DB-5F2D-4A42-96E5-FAD8147172D7}.Release|Any CPU.Build.0 = Release|Any CPU
		{C8510EF1-9D60-46E6-8671-A8B31B212374}.Debug|Any CPU.ActiveCfg = Debug|Any CPU
		{C8510EF1-9D60-46E6-8671-A8B31B212374}.Debug|Any CPU.Build.0 = Debug|Any CPU
		{C8510EF1-9D60-46E6-8671-A8B31B212374}.Release|Any CPU.ActiveCfg = Release|Any CPU
		{C8510EF1-9D60-46E6-8671-A8B31B212374}.Release|Any CPU.Build.0 = Release|Any CPU
		{D2A8010F-A5A9-4EBD-A947-11D8818BCBE2}.Debug|Any CPU.ActiveCfg = Debug|Any CPU
		{D2A8010F-A5A9-4EBD-A947-11D8818BCBE2}.Debug|Any CPU.Build.0 = Debug|Any CPU
		{D2A8010F-A5A9-4EBD-A947-11D8818BCBE2}.Release|Any CPU.ActiveCfg = Release|Any CPU
		{D2A8010F-A5A9-4EBD-A947-11D8818BCBE2}.Release|Any CPU.Build.0 = Release|Any CPU
		{63C7572B-0C68-4760-A6F7-EF90F767D640}.Debug|Any CPU.ActiveCfg = Debug|Any CPU
		{63C7572B-0C68-4760-A6F7-EF90F767D640}.Debug|Any CPU.Build.0 = Debug|Any CPU
		{63C7572B-0C68-4760-A6F7-EF90F767D640}.Release|Any CPU.ActiveCfg = Release|Any CPU
		{63C7572B-0C68-4760-A6F7-EF90F767D640}.Release|Any CPU.Build.0 = Release|Any CPU
		{0998156E-42A9-41D6-8FE4-955B1ECFD9A2}.Debug|Any CPU.ActiveCfg = Debug|Any CPU
		{0998156E-42A9-41D6-8FE4-955B1ECFD9A2}.Debug|Any CPU.Build.0 = Debug|Any CPU
		{0998156E-42A9-41D6-8FE4-955B1ECFD9A2}.Release|Any CPU.ActiveCfg = Release|Any CPU
		{0998156E-42A9-41D6-8FE4-955B1ECFD9A2}.Release|Any CPU.Build.0 = Release|Any CPU
		{C86D60A8-5CC7-4FA4-B29B-A34C24D28EE8}.Debug|Any CPU.ActiveCfg = Debug|Any CPU
		{C86D60A8-5CC7-4FA4-B29B-A34C24D28EE8}.Debug|Any CPU.Build.0 = Debug|Any CPU
		{C86D60A8-5CC7-4FA4-B29B-A34C24D28EE8}.Release|Any CPU.ActiveCfg = Release|Any CPU
		{C86D60A8-5CC7-4FA4-B29B-A34C24D28EE8}.Release|Any CPU.Build.0 = Release|Any CPU
		{60D7BCA4-AC50-409A-884A-AC5C1146BA9E}.Debug|Any CPU.ActiveCfg = Debug|Any CPU
		{60D7BCA4-AC50-409A-884A-AC5C1146BA9E}.Debug|Any CPU.Build.0 = Debug|Any CPU
		{60D7BCA4-AC50-409A-884A-AC5C1146BA9E}.Release|Any CPU.ActiveCfg = Release|Any CPU
		{60D7BCA4-AC50-409A-884A-AC5C1146BA9E}.Release|Any CPU.Build.0 = Release|Any CPU
		{EE632906-A23C-4E6B-8AB4-1470897E6B4E}.Debug|Any CPU.ActiveCfg = Debug|Any CPU
		{EE632906-A23C-4E6B-8AB4-1470897E6B4E}.Debug|Any CPU.Build.0 = Debug|Any CPU
		{EE632906-A23C-4E6B-8AB4-1470897E6B4E}.Release|Any CPU.ActiveCfg = Release|Any CPU
		{EE632906-A23C-4E6B-8AB4-1470897E6B4E}.Release|Any CPU.Build.0 = Release|Any CPU
		{E7D14B6C-A8FC-467E-8AAB-CB88C66CE17D}.Debug|Any CPU.ActiveCfg = Debug|Any CPU
		{E7D14B6C-A8FC-467E-8AAB-CB88C66CE17D}.Debug|Any CPU.Build.0 = Debug|Any CPU
		{E7D14B6C-A8FC-467E-8AAB-CB88C66CE17D}.Release|Any CPU.ActiveCfg = Release|Any CPU
		{E7D14B6C-A8FC-467E-8AAB-CB88C66CE17D}.Release|Any CPU.Build.0 = Release|Any CPU
		{CB8C11D9-684C-4A6C-B8C0-C2EA2A95757F}.Debug|Any CPU.ActiveCfg = Debug|Any CPU
		{CB8C11D9-684C-4A6C-B8C0-C2EA2A95757F}.Debug|Any CPU.Build.0 = Debug|Any CPU
		{CB8C11D9-684C-4A6C-B8C0-C2EA2A95757F}.Release|Any CPU.ActiveCfg = Release|Any CPU
		{CB8C11D9-684C-4A6C-B8C0-C2EA2A95757F}.Release|Any CPU.Build.0 = Release|Any CPU
		{6E3916C7-AEF5-4634-B25A-FF649AACA174}.Debug|Any CPU.ActiveCfg = Debug|Any CPU
		{6E3916C7-AEF5-4634-B25A-FF649AACA174}.Debug|Any CPU.Build.0 = Debug|Any CPU
		{6E3916C7-AEF5-4634-B25A-FF649AACA174}.Release|Any CPU.ActiveCfg = Release|Any CPU
		{6E3916C7-AEF5-4634-B25A-FF649AACA174}.Release|Any CPU.Build.0 = Release|Any CPU
		{E61E39EA-2254-415D-B9F4-A7DD635DFD42}.Debug|Any CPU.ActiveCfg = Debug|Any CPU
		{E61E39EA-2254-415D-B9F4-A7DD635DFD42}.Debug|Any CPU.Build.0 = Debug|Any CPU
		{E61E39EA-2254-415D-B9F4-A7DD635DFD42}.Release|Any CPU.ActiveCfg = Release|Any CPU
		{E61E39EA-2254-415D-B9F4-A7DD635DFD42}.Release|Any CPU.Build.0 = Release|Any CPU
		{E295E21F-4944-4286-8097-09FACE692A36}.Debug|Any CPU.ActiveCfg = Debug|Any CPU
		{E295E21F-4944-4286-8097-09FACE692A36}.Debug|Any CPU.Build.0 = Debug|Any CPU
		{E295E21F-4944-4286-8097-09FACE692A36}.Release|Any CPU.ActiveCfg = Release|Any CPU
		{E295E21F-4944-4286-8097-09FACE692A36}.Release|Any CPU.Build.0 = Release|Any CPU
		{44CB9520-01C9-4AF7-95B1-B098094C65F5}.Debug|Any CPU.ActiveCfg = Debug|Any CPU
		{44CB9520-01C9-4AF7-95B1-B098094C65F5}.Debug|Any CPU.Build.0 = Debug|Any CPU
		{44CB9520-01C9-4AF7-95B1-B098094C65F5}.Release|Any CPU.ActiveCfg = Release|Any CPU
		{44CB9520-01C9-4AF7-95B1-B098094C65F5}.Release|Any CPU.Build.0 = Release|Any CPU
		{81C3EC8C-C0A3-4049-8A90-2E98225C4267}.Debug|Any CPU.ActiveCfg = Debug|Any CPU
		{81C3EC8C-C0A3-4049-8A90-2E98225C4267}.Debug|Any CPU.Build.0 = Debug|Any CPU
		{81C3EC8C-C0A3-4049-8A90-2E98225C4267}.Release|Any CPU.ActiveCfg = Release|Any CPU
		{81C3EC8C-C0A3-4049-8A90-2E98225C4267}.Release|Any CPU.Build.0 = Release|Any CPU
		{D18ACB7E-10AA-42DD-8DD4-CE4D3ACB09FA}.Debug|Any CPU.ActiveCfg = Debug|Any CPU
		{D18ACB7E-10AA-42DD-8DD4-CE4D3ACB09FA}.Debug|Any CPU.Build.0 = Debug|Any CPU
		{D18ACB7E-10AA-42DD-8DD4-CE4D3ACB09FA}.Release|Any CPU.ActiveCfg = Release|Any CPU
		{D18ACB7E-10AA-42DD-8DD4-CE4D3ACB09FA}.Release|Any CPU.Build.0 = Release|Any CPU
		{447DC02F-57D1-4629-B700-8BE8A3BDE2A5}.Debug|Any CPU.ActiveCfg = Debug|Any CPU
		{447DC02F-57D1-4629-B700-8BE8A3BDE2A5}.Debug|Any CPU.Build.0 = Debug|Any CPU
		{447DC02F-57D1-4629-B700-8BE8A3BDE2A5}.Release|Any CPU.ActiveCfg = Release|Any CPU
		{447DC02F-57D1-4629-B700-8BE8A3BDE2A5}.Release|Any CPU.Build.0 = Release|Any CPU
		{46CA7649-489A-4538-8150-28D44A1E18CC}.Debug|Any CPU.ActiveCfg = Debug|Any CPU
		{46CA7649-489A-4538-8150-28D44A1E18CC}.Debug|Any CPU.Build.0 = Debug|Any CPU
		{46CA7649-489A-4538-8150-28D44A1E18CC}.Release|Any CPU.ActiveCfg = Release|Any CPU
		{46CA7649-489A-4538-8150-28D44A1E18CC}.Release|Any CPU.Build.0 = Release|Any CPU
		{CEF1FDA3-F113-45A9-A182-469C71BF1F4C}.Debug|Any CPU.ActiveCfg = Debug|Any CPU
		{CEF1FDA3-F113-45A9-A182-469C71BF1F4C}.Debug|Any CPU.Build.0 = Debug|Any CPU
		{CEF1FDA3-F113-45A9-A182-469C71BF1F4C}.Release|Any CPU.ActiveCfg = Release|Any CPU
		{CEF1FDA3-F113-45A9-A182-469C71BF1F4C}.Release|Any CPU.Build.0 = Release|Any CPU
	EndGlobalSection
	GlobalSection(NestedProjects) = preSolution
		{D73E572A-0D46-4536-9E3B-FEE4F05CA608} = {7242EB01-66E2-41DA-AE07-0E14D52A87DA}
		{67D84AB2-8239-4438-951B-6B9D94445EA2} = {D73E572A-0D46-4536-9E3B-FEE4F05CA608}
		{E1CA78D8-ABDA-429F-B9F7-ABB12A028248} = {77FDCD3D-0258-4C5D-BC04-54B6A49B5D6D}
		{712CD9E8-3279-4638-9977-6C21701D4D46} = {E1CA78D8-ABDA-429F-B9F7-ABB12A028248}
		{F6F8A6DB-5F2D-4A42-96E5-FAD8147172D7} = {E1CA78D8-ABDA-429F-B9F7-ABB12A028248}
		{C8510EF1-9D60-46E6-8671-A8B31B212374} = {D73E572A-0D46-4536-9E3B-FEE4F05CA608}
		{D2A8010F-A5A9-4EBD-A947-11D8818BCBE2} = {E1CA78D8-ABDA-429F-B9F7-ABB12A028248}
		{63C7572B-0C68-4760-A6F7-EF90F767D640} = {E1CA78D8-ABDA-429F-B9F7-ABB12A028248}
		{0998156E-42A9-41D6-8FE4-955B1ECFD9A2} = {D73E572A-0D46-4536-9E3B-FEE4F05CA608}
		{FAD4F990-40D4-4645-AE2C-8D9A71A3A8A5} = {7242EB01-66E2-41DA-AE07-0E14D52A87DA}
		{C86D60A8-5CC7-4FA4-B29B-A34C24D28EE8} = {FAD4F990-40D4-4645-AE2C-8D9A71A3A8A5}
		{60D7BCA4-AC50-409A-884A-AC5C1146BA9E} = {E1CA78D8-ABDA-429F-B9F7-ABB12A028248}
		{EE632906-A23C-4E6B-8AB4-1470897E6B4E} = {E1CA78D8-ABDA-429F-B9F7-ABB12A028248}
		{E7D14B6C-A8FC-467E-8AAB-CB88C66CE17D} = {D73E572A-0D46-4536-9E3B-FEE4F05CA608}
		{CB8C11D9-684C-4A6C-B8C0-C2EA2A95757F} = {E1CA78D8-ABDA-429F-B9F7-ABB12A028248}
		{6E3916C7-AEF5-4634-B25A-FF649AACA174} = {E1CA78D8-ABDA-429F-B9F7-ABB12A028248}
		{6F2801B8-20F1-4E0E-B7F5-EC28F27B7D9B} = {7242EB01-66E2-41DA-AE07-0E14D52A87DA}
		{E61E39EA-2254-415D-B9F4-A7DD635DFD42} = {6F2801B8-20F1-4E0E-B7F5-EC28F27B7D9B}
		{8F5391DE-C33B-4EDA-9EB9-8DA423CF098F} = {77FDCD3D-0258-4C5D-BC04-54B6A49B5D6D}
		{E295E21F-4944-4286-8097-09FACE692A36} = {8F5391DE-C33B-4EDA-9EB9-8DA423CF098F}
		{44CB9520-01C9-4AF7-95B1-B098094C65F5} = {8F5391DE-C33B-4EDA-9EB9-8DA423CF098F}
		{761BAB15-BCD9-47BB-852D-6DABD392F164} = {7242EB01-66E2-41DA-AE07-0E14D52A87DA}
		{81C3EC8C-C0A3-4049-8A90-2E98225C4267} = {761BAB15-BCD9-47BB-852D-6DABD392F164}
		{D18ACB7E-10AA-42DD-8DD4-CE4D3ACB09FA} = {761BAB15-BCD9-47BB-852D-6DABD392F164}
		{762AD00E-3371-4115-AA96-00342FF653B2} = {77FDCD3D-0258-4C5D-BC04-54B6A49B5D6D}
		{447DC02F-57D1-4629-B700-8BE8A3BDE2A5} = {762AD00E-3371-4115-AA96-00342FF653B2}
		{46CA7649-489A-4538-8150-28D44A1E18CC} = {D73E572A-0D46-4536-9E3B-FEE4F05CA608}
		{CEF1FDA3-F113-45A9-A182-469C71BF1F4C} = {E1CA78D8-ABDA-429F-B9F7-ABB12A028248}
	EndGlobalSection
EndGlobal
